
Microsoft Visual Studio Solution File, Format Version 12.00
# Visual Studio 14
VisualStudioVersion = 14.0.25420.1
MinimumVisualStudioVersion = 10.0.40219.1
Project("{FAE04EC0-301F-11D3-BF4B-00C04F79EFBC}") = "BE", "BE\BE.csproj", "{418446F5-2261-4801-984F-B510E4C7936B}"
EndProject
Project("{FAE04EC0-301F-11D3-BF4B-00C04F79EFBC}") = "DAL", "DAL\DAL.csproj", "{F5B5AF04-25DF-47AC-9A6E-816165338761}"
EndProject
Project("{FAE04EC0-301F-11D3-BF4B-00C04F79EFBC}") = "DS", "DS\DS.csproj", "{AE464DD4-C007-4C4D-B542-D45674B59601}"
EndProject
Project("{FAE04EC0-301F-11D3-BF4B-00C04F79EFBC}") = "BL", "BL\BL.csproj", "{A3B9B725-7AFD-436F-88C4-E860B21C5E61}"
EndProject
Project("{FAE04EC0-301F-11D3-BF4B-00C04F79EFBC}") = "PLWPF", "PLWPF\PLWPF.csproj", "{0C0B2E45-1EA4-4BCF-AE17-3F7E4A20D90C}"
EndProject
Global
	GlobalSection(SolutionConfigurationPlatforms) = preSolution
		Debug|Any CPU = Debug|Any CPU
		Release|Any CPU = Release|Any CPU
	EndGlobalSection
	GlobalSection(ProjectConfigurationPlatforms) = postSolution
		{418446F5-2261-4801-984F-B510E4C7936B}.Debug|Any CPU.ActiveCfg = Debug|Any CPU
		{418446F5-2261-4801-984F-B510E4C7936B}.Debug|Any CPU.Build.0 = Debug|Any CPU
		{418446F5-2261-4801-984F-B510E4C7936B}.Release|Any CPU.ActiveCfg = Release|Any CPU
		{418446F5-2261-4801-984F-B510E4C7936B}.Release|Any CPU.Build.0 = Release|Any CPU
		{F5B5AF04-25DF-47AC-9A6E-816165338761}.Debug|Any CPU.ActiveCfg = Debug|Any CPU
		{F5B5AF04-25DF-47AC-9A6E-816165338761}.Debug|Any CPU.Build.0 = Debug|Any CPU
		{F5B5AF04-25DF-47AC-9A6E-816165338761}.Release|Any CPU.ActiveCfg = Release|Any CPU
		{F5B5AF04-25DF-47AC-9A6E-816165338761}.Release|Any CPU.Build.0 = Release|Any CPU
		{AE464DD4-C007-4C4D-B542-D45674B59601}.Debug|Any CPU.ActiveCfg = Debug|Any CPU
		{AE464DD4-C007-4C4D-B542-D45674B59601}.Debug|Any CPU.Build.0 = Debug|Any CPU
		{AE464DD4-C007-4C4D-B542-D45674B59601}.Release|Any CPU.ActiveCfg = Release|Any CPU
		{AE464DD4-C007-4C4D-B542-D45674B59601}.Release|Any CPU.Build.0 = Release|Any CPU
		{A3B9B725-7AFD-436F-88C4-E860B21C5E61}.Debug|Any CPU.ActiveCfg = Debug|Any CPU
		{A3B9B725-7AFD-436F-88C4-E860B21C5E61}.Debug|Any CPU.Build.0 = Debug|Any CPU
		{A3B9B725-7AFD-436F-88C4-E860B21C5E61}.Release|Any CPU.ActiveCfg = Release|Any CPU
		{A3B9B725-7AFD-436F-88C4-E860B21C5E61}.Release|Any CPU.Build.0 = Release|Any CPU
		{0C0B2E45-1EA4-4BCF-AE17-3F7E4A20D90C}.Debug|Any CPU.ActiveCfg = Debug|Any CPU
		{0C0B2E45-1EA4-4BCF-AE17-3F7E4A20D90C}.Debug|Any CPU.Build.0 = Debug|Any CPU
		{0C0B2E45-1EA4-4BCF-AE17-3F7E4A20D90C}.Release|Any CPU.ActiveCfg = Release|Any CPU
		{0C0B2E45-1EA4-4BCF-AE17-3F7E4A20D90C}.Release|Any CPU.Build.0 = Release|Any CPU
	EndGlobalSection
	GlobalSection(SolutionProperties) = preSolution
		HideSolutionNode = FALSE
	EndGlobalSection
EndGlobal
